{
  "originHash" : "1f06cf3c639532d286c470e81158af666944da378de62a4c136590c22991b051",
  "pins" : [
    {
      "identity" : "stripe-ios-spm",
      "kind" : "remoteSourceControl",
      "location" : "https://github.com/stripe/stripe-ios-spm",
      "state" : {
        "revision" : "5c37b642b7aa54f33631e66218a0af8dfc625552",
        "version" : "25.13.0"
      }
    }
  ],
  "version" : 3
}
